
Microsoft Visual Studio Solution File, Format Version 12.00
# Visual Studio Version 17
VisualStudioVersion = 17.5.002.0
MinimumVisualStudioVersion = 10.0.40219.1
Project("{9A19103F-16F7-4668-BE54-9A1E7A4F7556}") = "Cozinha", "Cozinha.csproj", "{19E930D9-D01E-40CB-A7F3-120A4094FF3A}"
EndProject
Global
	GlobalSection(SolutionConfigurationPlatforms) = preSolution
		Debug|Any CPU = Debug|Any CPU
		Release|Any CPU = Release|Any CPU
	EndGlobalSection
	GlobalSection(ProjectConfigurationPlatforms) = postSolution
		{19E930D9-D01E-40CB-A7F3-120A4094FF3A}.Debug|Any CPU.ActiveCfg = Debug|Any CPU
		{19E930D9-D01E-40CB-A7F3-120A4094FF3A}.Debug|Any CPU.Build.0 = Debug|Any CPU
		{19E930D9-D01E-40CB-A7F3-120A4094FF3A}.Release|Any CPU.ActiveCfg = Release|Any CPU
		{19E930D9-D01E-40CB-A7F3-120A4094FF3A}.Release|Any CPU.Build.0 = Release|Any CPU
	EndGlobalSection
	GlobalSection(SolutionProperties) = preSolution
		HideSolutionNode = FALSE
	EndGlobalSection
	GlobalSection(ExtensibilityGlobals) = postSolution
		SolutionGuid = {A8F5F7C4-3AAA-4821-856C-A8AED54B695A}
	EndGlobalSection
EndGlobal
